
Microsoft Visual Studio Solution File, Format Version 12.00
# Visual Studio Version 17
VisualStudioVersion = 17.4.33205.214
MinimumVisualStudioVersion = 10.0.40219.1
Project("{9A19103F-16F7-4668-BE54-9A1E7A4F7556}") = "CrystalData.API", "CrystalData.API\CrystalData.API.csproj", "{6FA0913E-357C-42FB-A8FF-90FEBA05392A}"
EndProject
Project("{FAE04EC0-301F-11D3-BF4B-00C04F79EFBC}") = "CrystalData", "CrystalData\CrystalData.csproj", "{00CCD307-AEEF-4192-A6BD-911F9F47BC49}"
EndProject
Global
	GlobalSection(SolutionConfigurationPlatforms) = preSolution
		Debug|Any CPU = Debug|Any CPU
		Release|Any CPU = Release|Any CPU
	EndGlobalSection
	GlobalSection(ProjectConfigurationPlatforms) = postSolution
		{6FA0913E-357C-42FB-A8FF-90FEBA05392A}.Debug|Any CPU.ActiveCfg = Debug|Any CPU
		{6FA0913E-357C-42FB-A8FF-90FEBA05392A}.Debug|Any CPU.Build.0 = Debug|Any CPU
		{6FA0913E-357C-42FB-A8FF-90FEBA05392A}.Release|Any CPU.ActiveCfg = Release|Any CPU
		{6FA0913E-357C-42FB-A8FF-90FEBA05392A}.Release|Any CPU.Build.0 = Release|Any CPU
		{00CCD307-AEEF-4192-A6BD-911F9F47BC49}.Debug|Any CPU.ActiveCfg = Debug|Any CPU
		{00CCD307-AEEF-4192-A6BD-911F9F47BC49}.Debug|Any CPU.Build.0 = Debug|Any CPU
		{00CCD307-AEEF-4192-A6BD-911F9F47BC49}.Release|Any CPU.ActiveCfg = Release|Any CPU
		{00CCD307-AEEF-4192-A6BD-911F9F47BC49}.Release|Any CPU.Build.0 = Release|Any CPU
	EndGlobalSection
	GlobalSection(SolutionProperties) = preSolution
		HideSolutionNode = FALSE
	EndGlobalSection
	GlobalSection(ExtensibilityGlobals) = postSolution
		SolutionGuid = {717D4037-2961-46F0-A959-AAB8903D9A1F}
	EndGlobalSection
EndGlobal
